
Microsoft Visual Studio Solution File, Format Version 12.00
# Visual Studio Version 17
VisualStudioVersion = 17.2.32519.379
MinimumVisualStudioVersion = 10.0.40219.1
Project("{FAE04EC0-301F-11D3-BF4B-00C04F79EFBC}") = "Lab 2 Cristian Menjivar y Manuel humberto", "Lab 2 Cristian Menjivar y Manuel humberto\Lab 2 Cristian Menjivar y Manuel humberto.csproj", "{1888FD82-1F4D-4970-B9C1-A0C74425F1FD}"
EndProject
Global
	GlobalSection(SolutionConfigurationPlatforms) = preSolution
		Debug|Any CPU = Debug|Any CPU
		Release|Any CPU = Release|Any CPU
	EndGlobalSection
	GlobalSection(ProjectConfigurationPlatforms) = postSolution
		{1888FD82-1F4D-4970-B9C1-A0C74425F1FD}.Debug|Any CPU.ActiveCfg = Debug|Any CPU
		{1888FD82-1F4D-4970-B9C1-A0C74425F1FD}.Debug|Any CPU.Build.0 = Debug|Any CPU
		{1888FD82-1F4D-4970-B9C1-A0C74425F1FD}.Release|Any CPU.ActiveCfg = Release|Any CPU
		{1888FD82-1F4D-4970-B9C1-A0C74425F1FD}.Release|Any CPU.Build.0 = Release|Any CPU
	EndGlobalSection
	GlobalSection(SolutionProperties) = preSolution
		HideSolutionNode = FALSE
	EndGlobalSection
	GlobalSection(ExtensibilityGlobals) = postSolution
		SolutionGuid = {0036ECDA-45D8-43C9-92A6-F0F621F1F2DB}
	EndGlobalSection
EndGlobal
